{
	"name": "rummy",
	"version": "0.0.1",
	"lockfileVersion": 3,
	"requires": true,
	"packages": {
		"": {
			"name": "rummy",
			"version": "0.0.1",
			"license": "MIT",
			"dependencies": {
				"@possumtech/sqlrite": "^2.0.3",
				"htmlparser2": "^12.0.0",
				"tiktoken": "^1.0.22",
				"ws": "^8.19.0"
			},
			"devDependencies": {
				"@biomejs/biome": "^2.4.6"
			},
			"engines": {
				"node": ">=25",
				"npm": ">=11"
			},
			"optionalDependencies": {
				"@possumtech/antlrmap": "^0.0.3"
			}
		},
		"node_modules/@biomejs/biome": {
			"version": "2.4.9",
			"resolved": "https://registry.npmjs.org/@biomejs/biome/-/biome-2.4.9.tgz",
			"integrity": "sha512-wvZW92FrwitTcacvCBT8xdAbfbxWfDLwjYMmU3djjqQTh7Ni4ZdiWIT/x5VcZ+RQuxiKzIOzi5D+dcyJDFZMsA==",
			"dev": true,
			"license": "MIT OR Apache-2.0",
			"bin": {
				"biome": "bin/biome"
			},
			"engines": {
				"node": ">=14.21.3"
			},
			"funding": {
				"type": "opencollective",
				"url": "https://opencollective.com/biome"
			},
			"optionalDependencies": {
				"@biomejs/cli-darwin-arm64": "2.4.9",
				"@biomejs/cli-darwin-x64": "2.4.9",
				"@biomejs/cli-linux-arm64": "2.4.9",
				"@biomejs/cli-linux-arm64-musl": "2.4.9",
				"@biomejs/cli-linux-x64": "2.4.9",
				"@biomejs/cli-linux-x64-musl": "2.4.9",
				"@biomejs/cli-win32-arm64": "2.4.9",
				"@biomejs/cli-win32-x64": "2.4.9"
			}
		},
		"node_modules/@biomejs/cli-darwin-arm64": {
			"version": "2.4.9",
			"resolved": "https://registry.npmjs.org/@biomejs/cli-darwin-arm64/-/cli-darwin-arm64-2.4.9.tgz",
			"integrity": "sha512-d5G8Gf2RpH5pYwiHLPA+UpG3G9TLQu4WM+VK6sfL7K68AmhcEQ9r+nkj/DvR/GYhYox6twsHUtmWWWIKfcfQQA==",
			"cpu": [
				"arm64"
			],
			"dev": true,
			"license": "MIT OR Apache-2.0",
			"optional": true,
			"os": [
				"darwin"
			],
			"engines": {
				"node": ">=14.21.3"
			}
		},
		"node_modules/@biomejs/cli-darwin-x64": {
			"version": "2.4.9",
			"resolved": "https://registry.npmjs.org/@biomejs/cli-darwin-x64/-/cli-darwin-x64-2.4.9.tgz",
			"integrity": "sha512-LNCLNgqDMG7BLdc3a8aY/dwKPK7+R8/JXJoXjCvZh2gx8KseqBdFDKbhrr7HCWF8SzNhbTaALhTBoh/I6rf9lA==",
			"cpu": [
				"x64"
			],
			"dev": true,
			"license": "MIT OR Apache-2.0",
			"optional": true,
			"os": [
				"darwin"
			],
			"engines": {
				"node": ">=14.21.3"
			}
		},
		"node_modules/@biomejs/cli-linux-arm64": {
			"version": "2.4.9",
			"resolved": "https://registry.npmjs.org/@biomejs/cli-linux-arm64/-/cli-linux-arm64-2.4.9.tgz",
			"integrity": "sha512-4adnkAUi6K4C/emPRgYznMOcLlUqZdXWM6aIui4VP4LraE764g6Q4YguygnAUoxKjKIXIWPteKMgRbN0wsgwcg==",
			"cpu": [
				"arm64"
			],
			"dev": true,
			"libc": [
				"glibc"
			],
			"license": "MIT OR Apache-2.0",
			"optional": true,
			"os": [
				"linux"
			],
			"engines": {
				"node": ">=14.21.3"
			}
		},
		"node_modules/@biomejs/cli-linux-arm64-musl": {
			"version": "2.4.9",
			"resolved": "https://registry.npmjs.org/@biomejs/cli-linux-arm64-musl/-/cli-linux-arm64-musl-2.4.9.tgz",
			"integrity": "sha512-8RCww5xnPn2wpK4L/QDGDOW0dq80uVWfppPxHIUg6mOs9B6gRmqPp32h1Ls3T8GnW8Wo5A8u7vpTwz4fExN+sw==",
			"cpu": [
				"arm64"
			],
			"dev": true,
			"libc": [
				"musl"
			],
			"license": "MIT OR Apache-2.0",
			"optional": true,
			"os": [
				"linux"
			],
			"engines": {
				"node": ">=14.21.3"
			}
		},
		"node_modules/@biomejs/cli-linux-x64": {
			"version": "2.4.9",
			"resolved": "https://registry.npmjs.org/@biomejs/cli-linux-x64/-/cli-linux-x64-2.4.9.tgz",
			"integrity": "sha512-L10na7POF0Ks/cgLFNF1ZvIe+X4onLkTi5oP9hY+Rh60Q+7fWzKDDCeGyiHUFf1nGIa9dQOOUPGe2MyYg8nMSQ==",
			"cpu": [
				"x64"
			],
			"dev": true,
			"libc": [
				"glibc"
			],
			"license": "MIT OR Apache-2.0",
			"optional": true,
			"os": [
				"linux"
			],
			"engines": {
				"node": ">=14.21.3"
			}
		},
		"node_modules/@biomejs/cli-linux-x64-musl": {
			"version": "2.4.9",
			"resolved": "https://registry.npmjs.org/@biomejs/cli-linux-x64-musl/-/cli-linux-x64-musl-2.4.9.tgz",
			"integrity": "sha512-5TD+WS9v5vzXKzjetF0hgoaNFHMcpQeBUwKKVi3JbG1e9UCrFuUK3Gt185fyTzvRdwYkJJEMqglRPjmesmVv4A==",
			"cpu": [
				"x64"
			],
			"dev": true,
			"libc": [
				"musl"
			],
			"license": "MIT OR Apache-2.0",
			"optional": true,
			"os": [
				"linux"
			],
			"engines": {
				"node": ">=14.21.3"
			}
		},
		"node_modules/@biomejs/cli-win32-arm64": {
			"version": "2.4.9",
			"resolved": "https://registry.npmjs.org/@biomejs/cli-win32-arm64/-/cli-win32-arm64-2.4.9.tgz",
			"integrity": "sha512-aDZr0RBC3sMGJOU10BvG7eZIlWLK/i51HRIfScE2lVhfts2dQTreowLiJJd+UYg/tHKxS470IbzpuKmd0MiD6g==",
			"cpu": [
				"arm64"
			],
			"dev": true,
			"license": "MIT OR Apache-2.0",
			"optional": true,
			"os": [
				"win32"
			],
			"engines": {
				"node": ">=14.21.3"
			}
		},
		"node_modules/@biomejs/cli-win32-x64": {
			"version": "2.4.9",
			"resolved": "https://registry.npmjs.org/@biomejs/cli-win32-x64/-/cli-win32-x64-2.4.9.tgz",
			"integrity": "sha512-NS4g/2G9SoQ4ktKtz31pvyc/rmgzlcIDCGU/zWbmHJAqx6gcRj2gj5Q/guXhoWTzCUaQZDIqiCQXHS7BcGYc0w==",
			"cpu": [
				"x64"
			],
			"dev": true,
			"license": "MIT OR Apache-2.0",
			"optional": true,
			"os": [
				"win32"
			],
			"engines": {
				"node": ">=14.21.3"
			}
		},
		"node_modules/@possumtech/antlrmap": {
			"version": "0.0.3",
			"resolved": "https://registry.npmjs.org/@possumtech/antlrmap/-/antlrmap-0.0.3.tgz",
			"integrity": "sha512-dtO9Pi6xLJNjn6WGY6VTXS2uGK9Zg04hRvZHGmHi6PnahiD9rodypTNpo95JLMjVbV9spCBnet2RPfU/b4WrSw==",
			"license": "MIT",
			"optional": true,
			"workspaces": [
				"languages/*"
			],
			"dependencies": {
				"antlr4": "^4.13.2"
			},
			"bin": {
				"antlrmap": "lib/index.js"
			},
			"engines": {
				"node": ">=25"
			}
		},
		"node_modules/@possumtech/sqlrite": {
			"version": "2.2.0",
			"resolved": "https://registry.npmjs.org/@possumtech/sqlrite/-/sqlrite-2.2.0.tgz",
			"integrity": "sha512-UXvNowblaeYDp6/wShAixPGzxPR8uFCVZ/nQcxZjb0PTfANV34qJxAd2x3zWQveaUwr39ZYVYorAqb3uqGQseA==",
			"license": "MIT",
			"engines": {
				"node": ">=25.0.0",
				"npm": ">=11.1.0"
			}
		},
		"node_modules/antlr4": {
			"version": "4.13.2",
			"resolved": "https://registry.npmjs.org/antlr4/-/antlr4-4.13.2.tgz",
			"integrity": "sha512-QiVbZhyy4xAZ17UPEuG3YTOt8ZaoeOR1CvEAqrEsDBsOqINslaB147i9xqljZqoyf5S+EUlGStaj+t22LT9MOg==",
			"license": "BSD-3-Clause",
			"optional": true,
			"engines": {
				"node": ">=16"
			}
		},
		"node_modules/dom-serializer": {
			"version": "3.0.0",
			"resolved": "https://registry.npmjs.org/dom-serializer/-/dom-serializer-3.0.0.tgz",
			"integrity": "sha512-x+9D6nkC8tdXOQUS32egtZpZFLP90+HBZmWjuT920srbJvD/zPgFB9t4k3pEhlw5BQrXStQtRc1Y1zuriXk+Nw==",
			"license": "MIT",
			"dependencies": {
				"domelementtype": "^3.0.0",
				"domhandler": "^6.0.0",
				"entities": "^8.0.0"
			},
			"engines": {
				"node": ">=20.19.0"
			},
			"funding": {
				"type": "github",
				"url": "https://github.com/cheeriojs/dom-serializer?sponsor=1"
			}
		},
		"node_modules/domelementtype": {
			"version": "3.0.0",
			"resolved": "https://registry.npmjs.org/domelementtype/-/domelementtype-3.0.0.tgz",
			"integrity": "sha512-umCQid3jKbDmVjx8jGaW7uUykm4DEUeyV21hPxNMo2nV955DhUThwqyOIDtreepP31hl84X7G5U9ZfsWvIB3Pg==",
			"funding": [
				{
					"type": "github",
					"url": "https://github.com/sponsors/fb55"
				}
			],
			"license": "BSD-2-Clause",
			"engines": {
				"node": ">=20.19.0"
			}
		},
		"node_modules/domhandler": {
			"version": "6.0.1",
			"resolved": "https://registry.npmjs.org/domhandler/-/domhandler-6.0.1.tgz",
			"integrity": "sha512-gYzvtM72ZtxQO0T048kd6HWSbbGCNOUwcnfQ01cqIJ4X2IYKFFHZ5mKvrQETcFXxsRObZulDaKmy//R7TPtsBg==",
			"license": "BSD-2-Clause",
			"dependencies": {
				"domelementtype": "^3.0.0"
			},
			"engines": {
				"node": ">=20.19.0"
			},
			"funding": {
				"type": "github",
				"url": "https://github.com/fb55/domhandler?sponsor=1"
			}
		},
		"node_modules/domutils": {
			"version": "4.0.2",
			"resolved": "https://registry.npmjs.org/domutils/-/domutils-4.0.2.tgz",
			"integrity": "sha512-qI4JLRKnSzqFqr7hAlS5xQDusBCjKSEG4t4+7aNrIQMHBcsC2TGEhuyABJdYkgSewL57PNLYEiibY2iPKhKpaA==",
			"license": "BSD-2-Clause",
			"dependencies": {
				"dom-serializer": "^3.0.0",
				"domelementtype": "^3.0.0",
				"domhandler": "^6.0.0"
			},
			"engines": {
				"node": ">=20.19.0"
			},
			"funding": {
				"type": "github",
				"url": "https://github.com/fb55/domutils?sponsor=1"
			}
		},
		"node_modules/entities": {
			"version": "8.0.0",
			"resolved": "https://registry.npmjs.org/entities/-/entities-8.0.0.tgz",
			"integrity": "sha512-zwfzJecQ/Uej6tusMqwAqU/6KL2XaB2VZ2Jg54Je6ahNBGNH6Ek6g3jjNCF0fG9EWQKGZNddNjU5F1ZQn/sBnA==",
			"license": "BSD-2-Clause",
			"engines": {
				"node": ">=20.19.0"
			},
			"funding": {
				"url": "https://github.com/fb55/entities?sponsor=1"
			}
		},
		"node_modules/htmlparser2": {
			"version": "12.0.0",
			"resolved": "https://registry.npmjs.org/htmlparser2/-/htmlparser2-12.0.0.tgz",
			"integrity": "sha512-Tz7u1i95/g2x2jz81+x0FBVhBhY5aRTvD3tXXdFaljuNdzDLJ8UGNRrTcj2cgQvAg3iW/h77Fz15nLW0L0CrZw==",
			"funding": [
				"https://github.com/fb55/htmlparser2?sponsor=1",
				{
					"type": "github",
					"url": "https://github.com/sponsors/fb55"
				}
			],
			"license": "MIT",
			"dependencies": {
				"domelementtype": "^3.0.0",
				"domhandler": "^6.0.0",
				"domutils": "^4.0.2",
				"entities": "^8.0.0"
			},
			"engines": {
				"node": ">=20.19.0"
			}
		},
		"node_modules/tiktoken": {
			"version": "1.0.22",
			"resolved": "https://registry.npmjs.org/tiktoken/-/tiktoken-1.0.22.tgz",
			"integrity": "sha512-PKvy1rVF1RibfF3JlXBSP0Jrcw2uq3yXdgcEXtKTYn3QJ/cBRBHDnrJ5jHky+MENZ6DIPwNUGWpkVx+7joCpNA==",
			"license": "MIT"
		},
		"node_modules/ws": {
			"version": "8.20.0",
			"resolved": "https://registry.npmjs.org/ws/-/ws-8.20.0.tgz",
			"integrity": "sha512-sAt8BhgNbzCtgGbt2OxmpuryO63ZoDk/sqaB/znQm94T4fCEsy/yV+7CdC1kJhOU9lboAEU7R3kquuycDoibVA==",
			"license": "MIT",
			"engines": {
				"node": ">=10.0.0"
			},
			"peerDependencies": {
				"bufferutil": "^4.0.1",
				"utf-8-validate": ">=5.0.2"
			},
			"peerDependenciesMeta": {
				"bufferutil": {
					"optional": true
				},
				"utf-8-validate": {
					"optional": true
				}
			}
		}
	}
}
