{
	"name": "@possumtech/rummy",
	"version": "2.1.0",
	"lockfileVersion": 3,
	"requires": true,
	"packages": {
		"": {
			"name": "@possumtech/rummy",
			"version": "2.1.0",
			"hasInstallScript": true,
			"license": "MIT",
			"dependencies": {
				"@possumtech/sqlrite": "^3.1.0",
				"@xmldom/xmldom": "^0.9.9",
				"diff": "^8.0.4",
				"htmlparser2": "^12.0.0",
				"picomatch": "^4.0.4",
				"ws": "^8.19.0",
				"xpath": "^0.0.34",
				"yauzl-promise": "^4.0.0"
			},
			"bin": {
				"rummy": "bin/rummy.js",
				"rummy-cli": "src/plugins/cli/bin.js"
			},
			"devDependencies": {
				"@biomejs/biome": "^2.4.6"
			},
			"engines": {
				"node": ">=25",
				"npm": ">=11"
			}
		},
		"node_modules/@biomejs/biome": {
			"version": "2.4.13",
			"resolved": "https://registry.npmjs.org/@biomejs/biome/-/biome-2.4.13.tgz",
			"integrity": "sha512-gLXOwkOBBg0tr7bDsqlkIh4uFeKuMjxvqsrb1Tukww1iDmHcfr4Uu8MoQxp0Rcte+69+osRNWXwHsu/zxT6XqA==",
			"dev": true,
			"license": "MIT OR Apache-2.0",
			"bin": {
				"biome": "bin/biome"
			},
			"engines": {
				"node": ">=14.21.3"
			},
			"funding": {
				"type": "opencollective",
				"url": "https://opencollective.com/biome"
			},
			"optionalDependencies": {
				"@biomejs/cli-darwin-arm64": "2.4.13",
				"@biomejs/cli-darwin-x64": "2.4.13",
				"@biomejs/cli-linux-arm64": "2.4.13",
				"@biomejs/cli-linux-arm64-musl": "2.4.13",
				"@biomejs/cli-linux-x64": "2.4.13",
				"@biomejs/cli-linux-x64-musl": "2.4.13",
				"@biomejs/cli-win32-arm64": "2.4.13",
				"@biomejs/cli-win32-x64": "2.4.13"
			}
		},
		"node_modules/@biomejs/cli-darwin-arm64": {
			"version": "2.4.13",
			"resolved": "https://registry.npmjs.org/@biomejs/cli-darwin-arm64/-/cli-darwin-arm64-2.4.13.tgz",
			"integrity": "sha512-2KImO1jhNFBa2oWConyr0x6flxbQpGKv6902uGXpYM62Xyem8U80j441SyUJ8KyngsmKbQjeIv1q2CQfDkNnYg==",
			"cpu": [
				"arm64"
			],
			"dev": true,
			"license": "MIT OR Apache-2.0",
			"optional": true,
			"os": [
				"darwin"
			],
			"engines": {
				"node": ">=14.21.3"
			}
		},
		"node_modules/@biomejs/cli-darwin-x64": {
			"version": "2.4.13",
			"resolved": "https://registry.npmjs.org/@biomejs/cli-darwin-x64/-/cli-darwin-x64-2.4.13.tgz",
			"integrity": "sha512-BKrJklbaFN4p1Ts4kPBczo+PkbsHQg57kmJ+vON9u2t6uN5okYHaSr7h/MutPCWQgg2lglaWoSmm+zhYW+oOkg==",
			"cpu": [
				"x64"
			],
			"dev": true,
			"license": "MIT OR Apache-2.0",
			"optional": true,
			"os": [
				"darwin"
			],
			"engines": {
				"node": ">=14.21.3"
			}
		},
		"node_modules/@biomejs/cli-linux-arm64": {
			"version": "2.4.13",
			"resolved": "https://registry.npmjs.org/@biomejs/cli-linux-arm64/-/cli-linux-arm64-2.4.13.tgz",
			"integrity": "sha512-NzkUDSqfvMBrPplKgVr3aXLHZ2NEELvvF4vZxXulEylKWIGqlvNEcwUcj9OLrn75TD3lJ/GIqCVlBwd1MZCuYQ==",
			"cpu": [
				"arm64"
			],
			"dev": true,
			"libc": [
				"glibc"
			],
			"license": "MIT OR Apache-2.0",
			"optional": true,
			"os": [
				"linux"
			],
			"engines": {
				"node": ">=14.21.3"
			}
		},
		"node_modules/@biomejs/cli-linux-arm64-musl": {
			"version": "2.4.13",
			"resolved": "https://registry.npmjs.org/@biomejs/cli-linux-arm64-musl/-/cli-linux-arm64-musl-2.4.13.tgz",
			"integrity": "sha512-U5MsuBQW25dXaYtqWWSPM3P96H6Y+fHuja3TQpMNnylocHW0tEbtFTDlUj6oM+YJLntvEkQy4grBvQNUD4+RCg==",
			"cpu": [
				"arm64"
			],
			"dev": true,
			"libc": [
				"musl"
			],
			"license": "MIT OR Apache-2.0",
			"optional": true,
			"os": [
				"linux"
			],
			"engines": {
				"node": ">=14.21.3"
			}
		},
		"node_modules/@biomejs/cli-linux-x64": {
			"version": "2.4.13",
			"resolved": "https://registry.npmjs.org/@biomejs/cli-linux-x64/-/cli-linux-x64-2.4.13.tgz",
			"integrity": "sha512-Az3ZZedYRBo9EQzNnD9SxFcR1G5QsGo6VEc2hIyVPZ1rdKwee/7E9oeBBZFpE8Z44ekxsDQBqbiWGW5ShOhUSQ==",
			"cpu": [
				"x64"
			],
			"dev": true,
			"libc": [
				"glibc"
			],
			"license": "MIT OR Apache-2.0",
			"optional": true,
			"os": [
				"linux"
			],
			"engines": {
				"node": ">=14.21.3"
			}
		},
		"node_modules/@biomejs/cli-linux-x64-musl": {
			"version": "2.4.13",
			"resolved": "https://registry.npmjs.org/@biomejs/cli-linux-x64-musl/-/cli-linux-x64-musl-2.4.13.tgz",
			"integrity": "sha512-Z601MienRgTBDza/+u2CH3RSrWoXo9rtr8NK6A4KJzqGgfxx+H3VlyLgTJ4sRo40T3pIsqpTmiOQEvYzQvBRvQ==",
			"cpu": [
				"x64"
			],
			"dev": true,
			"libc": [
				"musl"
			],
			"license": "MIT OR Apache-2.0",
			"optional": true,
			"os": [
				"linux"
			],
			"engines": {
				"node": ">=14.21.3"
			}
		},
		"node_modules/@biomejs/cli-win32-arm64": {
			"version": "2.4.13",
			"resolved": "https://registry.npmjs.org/@biomejs/cli-win32-arm64/-/cli-win32-arm64-2.4.13.tgz",
			"integrity": "sha512-Px9PS2B5/Q183bUwy/5VHqp3J2lzdOCeVGzMpphYfl8oSa7VDCqenBdqWpy6DCy/en4Rbf/Y1RieZF6dJPcc9A==",
			"cpu": [
				"arm64"
			],
			"dev": true,
			"license": "MIT OR Apache-2.0",
			"optional": true,
			"os": [
				"win32"
			],
			"engines": {
				"node": ">=14.21.3"
			}
		},
		"node_modules/@biomejs/cli-win32-x64": {
			"version": "2.4.13",
			"resolved": "https://registry.npmjs.org/@biomejs/cli-win32-x64/-/cli-win32-x64-2.4.13.tgz",
			"integrity": "sha512-tTcMkXyBrmHi9BfrD2VNHs/5rYIUKETqsBlYOvSAABwBkJhSDVb5e7wPukftsQbO3WzQkXe6kaztC6WtUOXSoQ==",
			"cpu": [
				"x64"
			],
			"dev": true,
			"license": "MIT OR Apache-2.0",
			"optional": true,
			"os": [
				"win32"
			],
			"engines": {
				"node": ">=14.21.3"
			}
		},
		"node_modules/@emnapi/core": {
			"version": "1.10.0",
			"resolved": "https://registry.npmjs.org/@emnapi/core/-/core-1.10.0.tgz",
			"integrity": "sha512-yq6OkJ4p82CAfPl0u9mQebQHKPJkY7WrIuk205cTYnYe+k2Z8YBh11FrbRG/H6ihirqcacOgl2BIO8oyMQLeXw==",
			"license": "MIT",
			"optional": true,
			"dependencies": {
				"@emnapi/wasi-threads": "1.2.1",
				"tslib": "^2.4.0"
			}
		},
		"node_modules/@emnapi/runtime": {
			"version": "1.10.0",
			"resolved": "https://registry.npmjs.org/@emnapi/runtime/-/runtime-1.10.0.tgz",
			"integrity": "sha512-ewvYlk86xUoGI0zQRNq/mC+16R1QeDlKQy21Ki3oSYXNgLb45GV1P6A0M+/s6nyCuNDqe5VpaY84BzXGwVbwFA==",
			"license": "MIT",
			"optional": true,
			"dependencies": {
				"tslib": "^2.4.0"
			}
		},
		"node_modules/@emnapi/wasi-threads": {
			"version": "1.2.1",
			"resolved": "https://registry.npmjs.org/@emnapi/wasi-threads/-/wasi-threads-1.2.1.tgz",
			"integrity": "sha512-uTII7OYF+/Mes/MrcIOYp5yOtSMLBWSIoLPpcgwipoiKbli6k322tcoFsxoIIxPDqW01SQGAgko4EzZi2BNv2w==",
			"license": "MIT",
			"optional": true,
			"dependencies": {
				"tslib": "^2.4.0"
			}
		},
		"node_modules/@napi-rs/wasm-runtime": {
			"version": "0.2.12",
			"resolved": "https://registry.npmjs.org/@napi-rs/wasm-runtime/-/wasm-runtime-0.2.12.tgz",
			"integrity": "sha512-ZVWUcfwY4E/yPitQJl481FjFo3K22D6qF0DuFH6Y/nbnE11GY5uguDxZMGXPQ8WQ0128MXQD7TnfHyK4oWoIJQ==",
			"license": "MIT",
			"optional": true,
			"dependencies": {
				"@emnapi/core": "^1.4.3",
				"@emnapi/runtime": "^1.4.3",
				"@tybys/wasm-util": "^0.10.0"
			}
		},
		"node_modules/@node-rs/crc32": {
			"version": "1.10.6",
			"resolved": "https://registry.npmjs.org/@node-rs/crc32/-/crc32-1.10.6.tgz",
			"integrity": "sha512-+llXfqt+UzgoDzT9of5vPQPGqTAVCohU74I9zIBkNo5TH6s2P31DFJOGsJQKN207f0GHnYv5pV3wh3BCY/un/A==",
			"license": "MIT",
			"engines": {
				"node": ">= 10"
			},
			"funding": {
				"type": "github",
				"url": "https://github.com/sponsors/Brooooooklyn"
			},
			"optionalDependencies": {
				"@node-rs/crc32-android-arm-eabi": "1.10.6",
				"@node-rs/crc32-android-arm64": "1.10.6",
				"@node-rs/crc32-darwin-arm64": "1.10.6",
				"@node-rs/crc32-darwin-x64": "1.10.6",
				"@node-rs/crc32-freebsd-x64": "1.10.6",
				"@node-rs/crc32-linux-arm-gnueabihf": "1.10.6",
				"@node-rs/crc32-linux-arm64-gnu": "1.10.6",
				"@node-rs/crc32-linux-arm64-musl": "1.10.6",
				"@node-rs/crc32-linux-x64-gnu": "1.10.6",
				"@node-rs/crc32-linux-x64-musl": "1.10.6",
				"@node-rs/crc32-wasm32-wasi": "1.10.6",
				"@node-rs/crc32-win32-arm64-msvc": "1.10.6",
				"@node-rs/crc32-win32-ia32-msvc": "1.10.6",
				"@node-rs/crc32-win32-x64-msvc": "1.10.6"
			}
		},
		"node_modules/@node-rs/crc32-android-arm-eabi": {
			"version": "1.10.6",
			"resolved": "https://registry.npmjs.org/@node-rs/crc32-android-arm-eabi/-/crc32-android-arm-eabi-1.10.6.tgz",
			"integrity": "sha512-vZAMuJXm3TpWPOkkhxdrofWDv+Q+I2oO7ucLRbXyAPmXFNDhHtBxbO1rk9Qzz+M3eep8ieS4/+jCL1Q0zacNMQ==",
			"cpu": [
				"arm"
			],
			"license": "MIT",
			"optional": true,
			"os": [
				"android"
			],
			"engines": {
				"node": ">= 10"
			}
		},
		"node_modules/@node-rs/crc32-android-arm64": {
			"version": "1.10.6",
			"resolved": "https://registry.npmjs.org/@node-rs/crc32-android-arm64/-/crc32-android-arm64-1.10.6.tgz",
			"integrity": "sha512-Vl/JbjCinCw/H9gEpZveWCMjxjcEChDcDBM8S4hKay5yyoRCUHJPuKr4sjVDBeOm+1nwU3oOm6Ca8dyblwp4/w==",
			"cpu": [
				"arm64"
			],
			"license": "MIT",
			"optional": true,
			"os": [
				"android"
			],
			"engines": {
				"node": ">= 10"
			}
		},
		"node_modules/@node-rs/crc32-darwin-arm64": {
			"version": "1.10.6",
			"resolved": "https://registry.npmjs.org/@node-rs/crc32-darwin-arm64/-/crc32-darwin-arm64-1.10.6.tgz",
			"integrity": "sha512-kARYANp5GnmsQiViA5Qu74weYQ3phOHSYQf0G+U5wB3NB5JmBHnZcOc46Ig21tTypWtdv7u63TaltJQE41noyg==",
			"cpu": [
				"arm64"
			],
			"license": "MIT",
			"optional": true,
			"os": [
				"darwin"
			],
			"engines": {
				"node": ">= 10"
			}
		},
		"node_modules/@node-rs/crc32-darwin-x64": {
			"version": "1.10.6",
			"resolved": "https://registry.npmjs.org/@node-rs/crc32-darwin-x64/-/crc32-darwin-x64-1.10.6.tgz",
			"integrity": "sha512-Q99bevJVMfLTISpkpKBlXgtPUItrvTWKFyiqoKH5IvscZmLV++NH4V13Pa17GTBmv9n18OwzgQY4/SRq6PQNVA==",
			"cpu": [
				"x64"
			],
			"license": "MIT",
			"optional": true,
			"os": [
				"darwin"
			],
			"engines": {
				"node": ">= 10"
			}
		},
		"node_modules/@node-rs/crc32-freebsd-x64": {
			"version": "1.10.6",
			"resolved": "https://registry.npmjs.org/@node-rs/crc32-freebsd-x64/-/crc32-freebsd-x64-1.10.6.tgz",
			"integrity": "sha512-66hpawbNjrgnS9EDMErta/lpaqOMrL6a6ee+nlI2viduVOmRZWm9Rg9XdGTK/+c4bQLdtC6jOd+Kp4EyGRYkAg==",
			"cpu": [
				"x64"
			],
			"license": "MIT",
			"optional": true,
			"os": [
				"freebsd"
			],
			"engines": {
				"node": ">= 10"
			}
		},
		"node_modules/@node-rs/crc32-linux-arm-gnueabihf": {
			"version": "1.10.6",
			"resolved": "https://registry.npmjs.org/@node-rs/crc32-linux-arm-gnueabihf/-/crc32-linux-arm-gnueabihf-1.10.6.tgz",
			"integrity": "sha512-E8Z0WChH7X6ankbVm8J/Yym19Cq3otx6l4NFPS6JW/cWdjv7iw+Sps2huSug+TBprjbcEA+s4TvEwfDI1KScjg==",
			"cpu": [
				"arm"
			],
			"license": "MIT",
			"optional": true,
			"os": [
				"linux"
			],
			"engines": {
				"node": ">= 10"
			}
		},
		"node_modules/@node-rs/crc32-linux-arm64-gnu": {
			"version": "1.10.6",
			"resolved": "https://registry.npmjs.org/@node-rs/crc32-linux-arm64-gnu/-/crc32-linux-arm64-gnu-1.10.6.tgz",
			"integrity": "sha512-LmWcfDbqAvypX0bQjQVPmQGazh4dLiVklkgHxpV4P0TcQ1DT86H/SWpMBMs/ncF8DGuCQ05cNyMv1iddUDugoQ==",
			"cpu": [
				"arm64"
			],
			"libc": [
				"glibc"
			],
			"license": "MIT",
			"optional": true,
			"os": [
				"linux"
			],
			"engines": {
				"node": ">= 10"
			}
		},
		"node_modules/@node-rs/crc32-linux-arm64-musl": {
			"version": "1.10.6",
			"resolved": "https://registry.npmjs.org/@node-rs/crc32-linux-arm64-musl/-/crc32-linux-arm64-musl-1.10.6.tgz",
			"integrity": "sha512-k8ra/bmg0hwRrIEE8JL1p32WfaN9gDlUUpQRWsbxd1WhjqvXea7kKO6K4DwVxyxlPhBS9Gkb5Urq7Y4mXANzaw==",
			"cpu": [
				"arm64"
			],
			"libc": [
				"musl"
			],
			"license": "MIT",
			"optional": true,
			"os": [
				"linux"
			],
			"engines": {
				"node": ">= 10"
			}
		},
		"node_modules/@node-rs/crc32-linux-x64-gnu": {
			"version": "1.10.6",
			"resolved": "https://registry.npmjs.org/@node-rs/crc32-linux-x64-gnu/-/crc32-linux-x64-gnu-1.10.6.tgz",
			"integrity": "sha512-IfjtqcuFK7JrSZ9mlAFhb83xgium30PguvRjIMI45C3FJwu18bnLk1oR619IYb/zetQT82MObgmqfKOtgemEKw==",
			"cpu": [
				"x64"
			],
			"libc": [
				"glibc"
			],
			"license": "MIT",
			"optional": true,
			"os": [
				"linux"
			],
			"engines": {
				"node": ">= 10"
			}
		},
		"node_modules/@node-rs/crc32-linux-x64-musl": {
			"version": "1.10.6",
			"resolved": "https://registry.npmjs.org/@node-rs/crc32-linux-x64-musl/-/crc32-linux-x64-musl-1.10.6.tgz",
			"integrity": "sha512-LbFYsA5M9pNunOweSt6uhxenYQF94v3bHDAQRPTQ3rnjn+mK6IC7YTAYoBjvoJP8lVzcvk9hRj8wp4Jyh6Y80g==",
			"cpu": [
				"x64"
			],
			"libc": [
				"musl"
			],
			"license": "MIT",
			"optional": true,
			"os": [
				"linux"
			],
			"engines": {
				"node": ">= 10"
			}
		},
		"node_modules/@node-rs/crc32-wasm32-wasi": {
			"version": "1.10.6",
			"resolved": "https://registry.npmjs.org/@node-rs/crc32-wasm32-wasi/-/crc32-wasm32-wasi-1.10.6.tgz",
			"integrity": "sha512-KaejdLgHMPsRaxnM+OG9L9XdWL2TabNx80HLdsCOoX9BVhEkfh39OeahBo8lBmidylKbLGMQoGfIKDjq0YMStw==",
			"cpu": [
				"wasm32"
			],
			"license": "MIT",
			"optional": true,
			"dependencies": {
				"@napi-rs/wasm-runtime": "^0.2.5"
			},
			"engines": {
				"node": ">=14.0.0"
			}
		},
		"node_modules/@node-rs/crc32-win32-arm64-msvc": {
			"version": "1.10.6",
			"resolved": "https://registry.npmjs.org/@node-rs/crc32-win32-arm64-msvc/-/crc32-win32-arm64-msvc-1.10.6.tgz",
			"integrity": "sha512-x50AXiSxn5Ccn+dCjLf1T7ZpdBiV1Sp5aC+H2ijhJO4alwznvXgWbopPRVhbp2nj0i+Gb6kkDUEyU+508KAdGQ==",
			"cpu": [
				"arm64"
			],
			"license": "MIT",
			"optional": true,
			"os": [
				"win32"
			],
			"engines": {
				"node": ">= 10"
			}
		},
		"node_modules/@node-rs/crc32-win32-ia32-msvc": {
			"version": "1.10.6",
			"resolved": "https://registry.npmjs.org/@node-rs/crc32-win32-ia32-msvc/-/crc32-win32-ia32-msvc-1.10.6.tgz",
			"integrity": "sha512-DpDxQLaErJF9l36aghe1Mx+cOnYLKYo6qVPqPL9ukJ5rAGLtCdU0C+Zoi3gs9ySm8zmbFgazq/LvmsZYU42aBw==",
			"cpu": [
				"ia32"
			],
			"license": "MIT",
			"optional": true,
			"os": [
				"win32"
			],
			"engines": {
				"node": ">= 10"
			}
		},
		"node_modules/@node-rs/crc32-win32-x64-msvc": {
			"version": "1.10.6",
			"resolved": "https://registry.npmjs.org/@node-rs/crc32-win32-x64-msvc/-/crc32-win32-x64-msvc-1.10.6.tgz",
			"integrity": "sha512-5B1vXosIIBw1m2Rcnw62IIfH7W9s9f7H7Ma0rRuhT8HR4Xh8QCgw6NJSI2S2MCngsGktYnAhyUvs81b7efTyQw==",
			"cpu": [
				"x64"
			],
			"license": "MIT",
			"optional": true,
			"os": [
				"win32"
			],
			"engines": {
				"node": ">= 10"
			}
		},
		"node_modules/@possumtech/sqlrite": {
			"version": "3.1.0",
			"resolved": "https://registry.npmjs.org/@possumtech/sqlrite/-/sqlrite-3.1.0.tgz",
			"integrity": "sha512-l2qp2UjgA6zpMD/8/Ui/wlkGqyGDLw6KsEsSI0yeP64kzIciRRZlAbOxVTMNoSIaDwSmSNqwhQ2SMph3KnQGyg==",
			"license": "MIT",
			"engines": {
				"node": ">=25.0.0",
				"npm": ">=11.1.0"
			}
		},
		"node_modules/@tybys/wasm-util": {
			"version": "0.10.2",
			"resolved": "https://registry.npmjs.org/@tybys/wasm-util/-/wasm-util-0.10.2.tgz",
			"integrity": "sha512-RoBvJ2X0wuKlWFIjrwffGw1IqZHKQqzIchKaadZZfnNpsAYp2mM0h36JtPCjNDAHGgYez/15uMBpfGwchhiMgg==",
			"license": "MIT",
			"optional": true,
			"dependencies": {
				"tslib": "^2.4.0"
			}
		},
		"node_modules/@xmldom/xmldom": {
			"version": "0.9.10",
			"resolved": "https://registry.npmjs.org/@xmldom/xmldom/-/xmldom-0.9.10.tgz",
			"integrity": "sha512-A9gOqLdi6cV4ibazAjcQufGj0B1y/vDqYrcuP6d/6x8P27gRS8643Dj9o1dEKtB6O7fwxb2FgBmJS2mX7gpvdw==",
			"license": "MIT",
			"engines": {
				"node": ">=14.6"
			}
		},
		"node_modules/define-data-property": {
			"version": "1.1.4",
			"resolved": "https://registry.npmjs.org/define-data-property/-/define-data-property-1.1.4.tgz",
			"integrity": "sha512-rBMvIzlpA8v6E+SJZoo++HAYqsLrkg7MSfIinMPFhmkorw7X+dOXVJQs+QT69zGkzMyfDnIMN2Wid1+NbL3T+A==",
			"license": "MIT",
			"dependencies": {
				"es-define-property": "^1.0.0",
				"es-errors": "^1.3.0",
				"gopd": "^1.0.1"
			},
			"engines": {
				"node": ">= 0.4"
			},
			"funding": {
				"url": "https://github.com/sponsors/ljharb"
			}
		},
		"node_modules/define-properties": {
			"version": "1.2.1",
			"resolved": "https://registry.npmjs.org/define-properties/-/define-properties-1.2.1.tgz",
			"integrity": "sha512-8QmQKqEASLd5nx0U1B1okLElbUuuttJ/AnYmRXbbbGDWh6uS208EjD4Xqq/I9wK7u0v6O08XhTWnt5XtEbR6Dg==",
			"license": "MIT",
			"dependencies": {
				"define-data-property": "^1.0.1",
				"has-property-descriptors": "^1.0.0",
				"object-keys": "^1.1.1"
			},
			"engines": {
				"node": ">= 0.4"
			},
			"funding": {
				"url": "https://github.com/sponsors/ljharb"
			}
		},
		"node_modules/diff": {
			"version": "8.0.4",
			"resolved": "https://registry.npmjs.org/diff/-/diff-8.0.4.tgz",
			"integrity": "sha512-DPi0FmjiSU5EvQV0++GFDOJ9ASQUVFh5kD+OzOnYdi7n3Wpm9hWWGfB/O2blfHcMVTL5WkQXSnRiK9makhrcnw==",
			"license": "BSD-3-Clause",
			"engines": {
				"node": ">=0.3.1"
			}
		},
		"node_modules/dom-serializer": {
			"version": "3.0.0",
			"resolved": "https://registry.npmjs.org/dom-serializer/-/dom-serializer-3.0.0.tgz",
			"integrity": "sha512-x+9D6nkC8tdXOQUS32egtZpZFLP90+HBZmWjuT920srbJvD/zPgFB9t4k3pEhlw5BQrXStQtRc1Y1zuriXk+Nw==",
			"license": "MIT",
			"dependencies": {
				"domelementtype": "^3.0.0",
				"domhandler": "^6.0.0",
				"entities": "^8.0.0"
			},
			"engines": {
				"node": ">=20.19.0"
			},
			"funding": {
				"type": "github",
				"url": "https://github.com/cheeriojs/dom-serializer?sponsor=1"
			}
		},
		"node_modules/domelementtype": {
			"version": "3.0.0",
			"resolved": "https://registry.npmjs.org/domelementtype/-/domelementtype-3.0.0.tgz",
			"integrity": "sha512-umCQid3jKbDmVjx8jGaW7uUykm4DEUeyV21hPxNMo2nV955DhUThwqyOIDtreepP31hl84X7G5U9ZfsWvIB3Pg==",
			"funding": [
				{
					"type": "github",
					"url": "https://github.com/sponsors/fb55"
				}
			],
			"license": "BSD-2-Clause",
			"engines": {
				"node": ">=20.19.0"
			}
		},
		"node_modules/domhandler": {
			"version": "6.0.1",
			"resolved": "https://registry.npmjs.org/domhandler/-/domhandler-6.0.1.tgz",
			"integrity": "sha512-gYzvtM72ZtxQO0T048kd6HWSbbGCNOUwcnfQ01cqIJ4X2IYKFFHZ5mKvrQETcFXxsRObZulDaKmy//R7TPtsBg==",
			"license": "BSD-2-Clause",
			"dependencies": {
				"domelementtype": "^3.0.0"
			},
			"engines": {
				"node": ">=20.19.0"
			},
			"funding": {
				"type": "github",
				"url": "https://github.com/fb55/domhandler?sponsor=1"
			}
		},
		"node_modules/domutils": {
			"version": "4.0.2",
			"resolved": "https://registry.npmjs.org/domutils/-/domutils-4.0.2.tgz",
			"integrity": "sha512-qI4JLRKnSzqFqr7hAlS5xQDusBCjKSEG4t4+7aNrIQMHBcsC2TGEhuyABJdYkgSewL57PNLYEiibY2iPKhKpaA==",
			"license": "BSD-2-Clause",
			"dependencies": {
				"dom-serializer": "^3.0.0",
				"domelementtype": "^3.0.0",
				"domhandler": "^6.0.0"
			},
			"engines": {
				"node": ">=20.19.0"
			},
			"funding": {
				"type": "github",
				"url": "https://github.com/fb55/domutils?sponsor=1"
			}
		},
		"node_modules/entities": {
			"version": "8.0.0",
			"resolved": "https://registry.npmjs.org/entities/-/entities-8.0.0.tgz",
			"integrity": "sha512-zwfzJecQ/Uej6tusMqwAqU/6KL2XaB2VZ2Jg54Je6ahNBGNH6Ek6g3jjNCF0fG9EWQKGZNddNjU5F1ZQn/sBnA==",
			"license": "BSD-2-Clause",
			"engines": {
				"node": ">=20.19.0"
			},
			"funding": {
				"url": "https://github.com/fb55/entities?sponsor=1"
			}
		},
		"node_modules/es-define-property": {
			"version": "1.0.1",
			"resolved": "https://registry.npmjs.org/es-define-property/-/es-define-property-1.0.1.tgz",
			"integrity": "sha512-e3nRfgfUZ4rNGL232gUgX06QNyyez04KdjFrF+LTRoOXmrOgFKDg4BCdsjW8EnT69eqdYGmRpJwiPVYNrCaW3g==",
			"license": "MIT",
			"engines": {
				"node": ">= 0.4"
			}
		},
		"node_modules/es-errors": {
			"version": "1.3.0",
			"resolved": "https://registry.npmjs.org/es-errors/-/es-errors-1.3.0.tgz",
			"integrity": "sha512-Zf5H2Kxt2xjTvbJvP2ZWLEICxA6j+hAmMzIlypy4xcBg1vKVnx89Wy0GbS+kf5cwCVFFzdCFh2XSCFNULS6csw==",
			"license": "MIT",
			"engines": {
				"node": ">= 0.4"
			}
		},
		"node_modules/globalthis": {
			"version": "1.0.4",
			"resolved": "https://registry.npmjs.org/globalthis/-/globalthis-1.0.4.tgz",
			"integrity": "sha512-DpLKbNU4WylpxJykQujfCcwYWiV/Jhm50Goo0wrVILAv5jOr9d+H+UR3PhSCD2rCCEIg0uc+G+muBTwD54JhDQ==",
			"license": "MIT",
			"dependencies": {
				"define-properties": "^1.2.1",
				"gopd": "^1.0.1"
			},
			"engines": {
				"node": ">= 0.4"
			},
			"funding": {
				"url": "https://github.com/sponsors/ljharb"
			}
		},
		"node_modules/gopd": {
			"version": "1.2.0",
			"resolved": "https://registry.npmjs.org/gopd/-/gopd-1.2.0.tgz",
			"integrity": "sha512-ZUKRh6/kUFoAiTAtTYPZJ3hw9wNxx+BIBOijnlG9PnrJsCcSjs1wyyD6vJpaYtgnzDrKYRSqf3OO6Rfa93xsRg==",
			"license": "MIT",
			"engines": {
				"node": ">= 0.4"
			},
			"funding": {
				"url": "https://github.com/sponsors/ljharb"
			}
		},
		"node_modules/has-property-descriptors": {
			"version": "1.0.2",
			"resolved": "https://registry.npmjs.org/has-property-descriptors/-/has-property-descriptors-1.0.2.tgz",
			"integrity": "sha512-55JNKuIW+vq4Ke1BjOTjM2YctQIvCT7GFzHwmfZPGo5wnrgkid0YQtnAleFSqumZm4az3n2BS+erby5ipJdgrg==",
			"license": "MIT",
			"dependencies": {
				"es-define-property": "^1.0.0"
			},
			"funding": {
				"url": "https://github.com/sponsors/ljharb"
			}
		},
		"node_modules/htmlparser2": {
			"version": "12.0.0",
			"resolved": "https://registry.npmjs.org/htmlparser2/-/htmlparser2-12.0.0.tgz",
			"integrity": "sha512-Tz7u1i95/g2x2jz81+x0FBVhBhY5aRTvD3tXXdFaljuNdzDLJ8UGNRrTcj2cgQvAg3iW/h77Fz15nLW0L0CrZw==",
			"funding": [
				"https://github.com/fb55/htmlparser2?sponsor=1",
				{
					"type": "github",
					"url": "https://github.com/sponsors/fb55"
				}
			],
			"license": "MIT",
			"dependencies": {
				"domelementtype": "^3.0.0",
				"domhandler": "^6.0.0",
				"domutils": "^4.0.2",
				"entities": "^8.0.0"
			},
			"engines": {
				"node": ">=20.19.0"
			}
		},
		"node_modules/is-it-type": {
			"version": "5.1.3",
			"resolved": "https://registry.npmjs.org/is-it-type/-/is-it-type-5.1.3.tgz",
			"integrity": "sha512-AX2uU0HW+TxagTgQXOJY7+2fbFHemC7YFBwN1XqD8qQMKdtfbOC8OC3fUb4s5NU59a3662Dzwto8tWDdZYRXxg==",
			"license": "MIT",
			"dependencies": {
				"globalthis": "^1.0.2"
			},
			"engines": {
				"node": ">=12"
			}
		},
		"node_modules/object-keys": {
			"version": "1.1.1",
			"resolved": "https://registry.npmjs.org/object-keys/-/object-keys-1.1.1.tgz",
			"integrity": "sha512-NuAESUOUMrlIXOfHKzD6bpPu3tYt3xvjNdRIQ+FeT0lNb4K8WR70CaDxhuNguS2XG+GjkyMwOzsN5ZktImfhLA==",
			"license": "MIT",
			"engines": {
				"node": ">= 0.4"
			}
		},
		"node_modules/picomatch": {
			"version": "4.0.4",
			"resolved": "https://registry.npmjs.org/picomatch/-/picomatch-4.0.4.tgz",
			"integrity": "sha512-QP88BAKvMam/3NxH6vj2o21R6MjxZUAd6nlwAS/pnGvN9IVLocLHxGYIzFhg6fUQ+5th6P4dv4eW9jX3DSIj7A==",
			"license": "MIT",
			"engines": {
				"node": ">=12"
			},
			"funding": {
				"url": "https://github.com/sponsors/jonschlinkert"
			}
		},
		"node_modules/simple-invariant": {
			"version": "2.0.1",
			"resolved": "https://registry.npmjs.org/simple-invariant/-/simple-invariant-2.0.1.tgz",
			"integrity": "sha512-1sbhsxqI+I2tqlmjbz99GXNmZtr6tKIyEgGGnJw/MKGblalqk/XoOYYFJlBzTKZCxx8kLaD3FD5s9BEEjx5Pyg==",
			"license": "MIT",
			"engines": {
				"node": ">=10"
			}
		},
		"node_modules/tslib": {
			"version": "2.8.1",
			"resolved": "https://registry.npmjs.org/tslib/-/tslib-2.8.1.tgz",
			"integrity": "sha512-oJFu94HQb+KVduSUQL7wnpmqnfmLsOA/nAh6b6EH0wCEoK0/mPeXU6c3wKDV83MkOuHPRHtSXKKU99IBazS/2w==",
			"license": "0BSD",
			"optional": true
		},
		"node_modules/ws": {
			"version": "8.20.0",
			"resolved": "https://registry.npmjs.org/ws/-/ws-8.20.0.tgz",
			"integrity": "sha512-sAt8BhgNbzCtgGbt2OxmpuryO63ZoDk/sqaB/znQm94T4fCEsy/yV+7CdC1kJhOU9lboAEU7R3kquuycDoibVA==",
			"license": "MIT",
			"engines": {
				"node": ">=10.0.0"
			},
			"peerDependencies": {
				"bufferutil": "^4.0.1",
				"utf-8-validate": ">=5.0.2"
			},
			"peerDependenciesMeta": {
				"bufferutil": {
					"optional": true
				},
				"utf-8-validate": {
					"optional": true
				}
			}
		},
		"node_modules/xpath": {
			"version": "0.0.34",
			"resolved": "https://registry.npmjs.org/xpath/-/xpath-0.0.34.tgz",
			"integrity": "sha512-FxF6+rkr1rNSQrhUNYrAFJpRXNzlDoMxeXN5qI84939ylEv3qqPFKa85Oxr6tDaJKqwW6KKyo2v26TSv3k6LeA==",
			"license": "MIT",
			"engines": {
				"node": ">=0.6.0"
			}
		},
		"node_modules/yauzl-promise": {
			"version": "4.0.0",
			"resolved": "https://registry.npmjs.org/yauzl-promise/-/yauzl-promise-4.0.0.tgz",
			"integrity": "sha512-/HCXpyHXJQQHvFq9noqrjfa/WpQC2XYs3vI7tBiAi4QiIU1knvYhZGaO1QPjwIVMdqflxbmwgMXtYeaRiAE0CA==",
			"license": "MIT",
			"dependencies": {
				"@node-rs/crc32": "^1.7.0",
				"is-it-type": "^5.1.2",
				"simple-invariant": "^2.0.1"
			},
			"engines": {
				"node": ">=16"
			}
		}
	}
}
